
Microsoft Visual Studio Solution File, Format Version 12.00
# Visual Studio Version 17
VisualStudioVersion = 17.4.33205.214
MinimumVisualStudioVersion = 10.0.40219.1
Project("{FAE04EC0-301F-11D3-BF4B-00C04F79EFBC}") = "Zastita informacija projekat", "Zastita informacija projekat\Zastita informacija projekat.csproj", "{6CEB15CB-9252-4209-92CF-01E1388A8026}"
EndProject
Global
	GlobalSection(SolutionConfigurationPlatforms) = preSolution
		Debug|Any CPU = Debug|Any CPU
		Release|Any CPU = Release|Any CPU
	EndGlobalSection
	GlobalSection(ProjectConfigurationPlatforms) = postSolution
		{6CEB15CB-9252-4209-92CF-01E1388A8026}.Debug|Any CPU.ActiveCfg = Debug|Any CPU
		{6CEB15CB-9252-4209-92CF-01E1388A8026}.Debug|Any CPU.Build.0 = Debug|Any CPU
		{6CEB15CB-9252-4209-92CF-01E1388A8026}.Release|Any CPU.ActiveCfg = Release|Any CPU
		{6CEB15CB-9252-4209-92CF-01E1388A8026}.Release|Any CPU.Build.0 = Release|Any CPU
	EndGlobalSection
	GlobalSection(SolutionProperties) = preSolution
		HideSolutionNode = FALSE
	EndGlobalSection
	GlobalSection(ExtensibilityGlobals) = postSolution
		SolutionGuid = {D6E882DA-EAB2-44CF-B56F-D0144C9B2B08}
	EndGlobalSection
EndGlobal
